# generated by rye
# use `rye lock` or `rye sync` to update this lockfile
#
# last locked with the following flags:
#   pre: false
#   features: []
#   all-features: false
#   with-sources: false

-e file:.
aiokafka==0.10.0
    # via kafka-retry-lib
anyio==4.3.0
    # via kafka-retry-lib
async-timeout==4.0.3
    # via aiokafka
cfgv==3.4.0
    # via pre-commit
distlib==0.3.8
    # via virtualenv
filelock==3.14.0
    # via virtualenv
identify==2.5.36
    # via pre-commit
idna==3.7
    # via anyio
nodeenv==1.8.0
    # via pre-commit
packaging==24.0
    # via aiokafka
platformdirs==4.2.1
    # via virtualenv
pre-commit==3.7.0
pyyaml==6.0.1
    # via pre-commit
ruff==0.4.4
setuptools==69.5.1
    # via nodeenv
sniffio==1.3.1
    # via anyio
virtualenv==20.26.1
    # via pre-commit
