# generated by rye
# use `rye lock` or `rye sync` to update this lockfile
#
# last locked with the following flags:
#   pre: false
#   features: []
#   all-features: false
#   with-sources: false

-e file:.
aiokafka==0.10.0
    # via kafka-retry-lib
anyio==4.3.0
    # via kafka-retry-lib
async-timeout==4.0.3
    # via aiokafka
idna==3.7
    # via anyio
packaging==24.0
    # via aiokafka
sniffio==1.3.1
    # via anyio
